
Microsoft Visual Studio Solution File, Format Version 12.00
# Visual Studio Version 17
VisualStudioVersion = 17.4.33110.190
MinimumVisualStudioVersion = 10.0.40219.1
Project("{9A19103F-16F7-4668-BE54-9A1E7A4F7556}") = "01 Task", "01 Task\01 Task.csproj", "{C2194451-DBC4-4F7F-AA65-69BA1CF65A92}"
EndProject
Project("{9A19103F-16F7-4668-BE54-9A1E7A4F7556}") = "02 Task", "02 Task\02 Task.csproj", "{A4B51E69-01BF-4E49-9C64-E694184EEE7C}"
EndProject
Project("{9A19103F-16F7-4668-BE54-9A1E7A4F7556}") = "03 Task", "03 Task\03 Task.csproj", "{16FE1E1F-3AA1-4164-BFB8-DB89E9CC1480}"
EndProject
Project("{FAE04EC0-301F-11D3-BF4B-00C04F79EFBC}") = "04 Task", "04 Task\04 Task.csproj", "{769A6C70-964F-4AE5-BCF4-37A875F17F37}"
EndProject
Project("{FAE04EC0-301F-11D3-BF4B-00C04F79EFBC}") = "17 Task", "17 Task\17 Task.csproj", "{587B63DF-A0E4-49B6-84C1-3F1E99814F48}"
EndProject
Global
	GlobalSection(SolutionConfigurationPlatforms) = preSolution
		Debug|Any CPU = Debug|Any CPU
		Release|Any CPU = Release|Any CPU
	EndGlobalSection
	GlobalSection(ProjectConfigurationPlatforms) = postSolution
		{C2194451-DBC4-4F7F-AA65-69BA1CF65A92}.Debug|Any CPU.ActiveCfg = Debug|Any CPU
		{C2194451-DBC4-4F7F-AA65-69BA1CF65A92}.Debug|Any CPU.Build.0 = Debug|Any CPU
		{C2194451-DBC4-4F7F-AA65-69BA1CF65A92}.Release|Any CPU.ActiveCfg = Release|Any CPU
		{C2194451-DBC4-4F7F-AA65-69BA1CF65A92}.Release|Any CPU.Build.0 = Release|Any CPU
		{A4B51E69-01BF-4E49-9C64-E694184EEE7C}.Debug|Any CPU.ActiveCfg = Debug|Any CPU
		{A4B51E69-01BF-4E49-9C64-E694184EEE7C}.Debug|Any CPU.Build.0 = Debug|Any CPU
		{A4B51E69-01BF-4E49-9C64-E694184EEE7C}.Release|Any CPU.ActiveCfg = Release|Any CPU
		{A4B51E69-01BF-4E49-9C64-E694184EEE7C}.Release|Any CPU.Build.0 = Release|Any CPU
		{16FE1E1F-3AA1-4164-BFB8-DB89E9CC1480}.Debug|Any CPU.ActiveCfg = Debug|Any CPU
		{16FE1E1F-3AA1-4164-BFB8-DB89E9CC1480}.Debug|Any CPU.Build.0 = Debug|Any CPU
		{16FE1E1F-3AA1-4164-BFB8-DB89E9CC1480}.Release|Any CPU.ActiveCfg = Release|Any CPU
		{16FE1E1F-3AA1-4164-BFB8-DB89E9CC1480}.Release|Any CPU.Build.0 = Release|Any CPU
		{769A6C70-964F-4AE5-BCF4-37A875F17F37}.Debug|Any CPU.ActiveCfg = Debug|Any CPU
		{769A6C70-964F-4AE5-BCF4-37A875F17F37}.Debug|Any CPU.Build.0 = Debug|Any CPU
		{769A6C70-964F-4AE5-BCF4-37A875F17F37}.Release|Any CPU.ActiveCfg = Release|Any CPU
		{769A6C70-964F-4AE5-BCF4-37A875F17F37}.Release|Any CPU.Build.0 = Release|Any CPU
		{587B63DF-A0E4-49B6-84C1-3F1E99814F48}.Debug|Any CPU.ActiveCfg = Debug|Any CPU
		{587B63DF-A0E4-49B6-84C1-3F1E99814F48}.Debug|Any CPU.Build.0 = Debug|Any CPU
		{587B63DF-A0E4-49B6-84C1-3F1E99814F48}.Release|Any CPU.ActiveCfg = Release|Any CPU
		{587B63DF-A0E4-49B6-84C1-3F1E99814F48}.Release|Any CPU.Build.0 = Release|Any CPU
	EndGlobalSection
	GlobalSection(SolutionProperties) = preSolution
		HideSolutionNode = FALSE
	EndGlobalSection
	GlobalSection(ExtensibilityGlobals) = postSolution
		SolutionGuid = {DB1D8624-34EB-413B-A337-DD4AB41C9B00}
	EndGlobalSection
EndGlobal
